// !$*UTF8*$!
{
	archiveVersion = 1;
	classes = {
	};
	objectVersion = 46;
	objects = {

/* Begin PBXBuildFile section */
		A9CDDB931E3269FA00821F5B /* AppDelegate.swift in Sources */ = {isa = PBXBuildFile; fileRef = A9CDDB921E3269FA00821F5B /* AppDelegate.swift */; };
		A9CDDB951E3269FA00821F5B /* ViewController.swift in Sources */ = {isa = PBXBuildFile; fileRef = A9CDDB941E3269FA00821F5B /* ViewController.swift */; };
		A9CDDB981E3269FA00821F5B /* Main.storyboard in Resources */ = {isa = PBXBuildFile; fileRef = A9CDDB961E3269FA00821F5B /* Main.storyboard */; };
		A9CDDB9A1E3269FA00821F5B /* Assets.xcassets in Resources */ = {isa = PBXBuildFile; fileRef = A9CDDB991E3269FA00821F5B /* Assets.xcassets */; };
		A9CDDB9D1E3269FA00821F5B /* LaunchScreen.storyboard in Resources */ = {isa = PBXBuildFile; fileRef = A9CDDB9B1E3269FA00821F5B /* LaunchScreen.storyboard */; };
		D0306CC65C8C16EA958B4182 /* libPods-PlacesOfInterest.a in Frameworks */ = {isa = PBXBuildFile; fileRef = B95B1EEE1F4663E4158D2A22 /* libPods-PlacesOfInterest.a */; };
/* End PBXBuildFile section */

/* Begin PBXFileReference section */
		7FE6E3E7965E774BEEAA0F94 /* Pods-PlacesOfInterest.release.xcconfig */ = {isa = PBXFileReference; includeInIndex = 1; lastKnownFileType = text.xcconfig; name = "Pods-PlacesOfInterest.release.xcconfig"; path = "Pods/Target Support Files/Pods-PlacesOfInterest/Pods-PlacesOfInterest.release.xcconfig"; sourceTree = "<group>"; };
		984385BB8A3AC1A0538DAF1B /* Pods-PlacesOfInterest.debug.xcconfig */ = {isa = PBXFileReference; includeInIndex = 1; lastKnownFileType = text.xcconfig; name = "Pods-PlacesOfInterest.debug.xcconfig"; path = "Pods/Target Support Files/Pods-PlacesOfInterest/Pods-PlacesOfInterest.debug.xcconfig"; sourceTree = "<group>"; };
		A9CDDB8F1E3269FA00821F5B /* PlacesOfInterest.app */ = {isa = PBXFileReference; explicitFileType = wrapper.application; includeInIndex = 0; path = PlacesOfInterest.app; sourceTree = BUILT_PRODUCTS_DIR; };
		A9CDDB921E3269FA00821F5B /* AppDelegate.swift */ = {isa = PBXFileReference; lastKnownFileType = sourcecode.swift; path = AppDelegate.swift; sourceTree = "<group>"; };
		A9CDDB941E3269FA00821F5B /* ViewController.swift */ = {isa = PBXFileReference; lastKnownFileType = sourcecode.swift; path = ViewController.swift; sourceTree = "<group>"; };
		A9CDDB971E3269FA00821F5B /* Base */ = {isa = PBXFileReference; lastKnownFileType = file.storyboard; name = Base; path = Base.lproj/Main.storyboard; sourceTree = "<group>"; };
		A9CDDB991E3269FA00821F5B /* Assets.xcassets */ = {isa = PBXFileReference; lastKnownFileType = folder.assetcatalog; path = Assets.xcassets; sourceTree = "<group>"; };
		A9CDDB9C1E3269FA00821F5B /* Base */ = {isa = PBXFileReference; lastKnownFileType = file.storyboard; name = Base; path = Base.lproj/LaunchScreen.storyboard; sourceTree = "<group>"; };
		A9CDDB9E1E3269FA00821F5B /* Info.plist */ = {isa = PBXFileReference; lastKnownFileType = text.plist.xml; path = Info.plist; sourceTree = "<group>"; };
		B95B1EEE1F4663E4158D2A22 /* libPods-PlacesOfInterest.a */ = {isa = PBXFileReference; explicitFileType = archive.ar; includeInIndex = 0; path = "libPods-PlacesOfInterest.a"; sourceTree = BUILT_PRODUCTS_DIR; };
/* End PBXFileReference section */

/* Begin PBXFrameworksBuildPhase section */
		A9CDDB8C1E3269F900821F5B /* Frameworks */ = {
			isa = PBXFrameworksBuildPhase;
			buildActionMask = 2147483647;
			files = (
				D0306CC65C8C16EA958B4182 /* libPods-PlacesOfInterest.a in Frameworks */,
			);
			runOnlyForDeploymentPostprocessing = 0;
		};
/* End PBXFrameworksBuildPhase section */

/* Begin PBXGroup section */
		A4FA45BE2D7A8E46A5475BAC /* Frameworks */ = {
			isa = PBXGroup;
			children = (
				B95B1EEE1F4663E4158D2A22 /* libPods-PlacesOfInterest.a */,
			);
			name = Frameworks;
			sourceTree = "<group>";
		};
		A9CDDB861E3269F900821F5B = {
			isa = PBXGroup;
			children = (
				A9CDDB911E3269FA00821F5B /* PlacesOfInterest */,
				A9CDDB901E3269FA00821F5B /* Products */,
				DE1CAFD3E53A5BC80988B7E7 /* Pods */,
				A4FA45BE2D7A8E46A5475BAC /* Frameworks */,
			);
			sourceTree = "<group>";
		};
		A9CDDB901E3269FA00821F5B /* Products */ = {
			isa = PBXGroup;
			children = (
				A9CDDB8F1E3269FA00821F5B /* PlacesOfInterest.app */,
			);
			name = Products;
			sourceTree = "<group>";
		};
		A9CDDB911E3269FA00821F5B /* PlacesOfInterest */ = {
			isa = PBXGroup;
			children = (
				A9CDDB921E3269FA00821F5B /* AppDelegate.swift */,
				A9CDDB941E3269FA00821F5B /* ViewController.swift */,
				A9CDDB961E3269FA00821F5B /* Main.storyboard */,
				A9CDDB991E3269FA00821F5B /* Assets.xcassets */,
				A9CDDB9B1E3269FA00821F5B /* LaunchScreen.storyboard */,
				A9CDDB9E1E3269FA00821F5B /* Info.plist */,
			);
			path = PlacesOfInterest;
			sourceTree = "<group>";
		};
		DE1CAFD3E53A5BC80988B7E7 /* Pods */ = {
			isa = PBXGroup;
			children = (
				984385BB8A3AC1A0538DAF1B /* Pods-PlacesOfInterest.debug.xcconfig */,
				7FE6E3E7965E774BEEAA0F94 /* Pods-PlacesOfInterest.release.xcconfig */,
			);
			name = Pods;
			sourceTree = "<group>";
		};
/* End PBXGroup section */

/* Begin PBXNativeTarget section */
		A9CDDB8E1E3269F900821F5B /* PlacesOfInterest */ = {
			isa = PBXNativeTarget;
			buildConfigurationList = A9CDDBA11E3269FA00821F5B /* Build configuration list for PBXNativeTarget "PlacesOfInterest" */;
			buildPhases = (
				556BACF3239273944A3737A3 /* [CP] Check Pods Manifest.lock */,
				A9CDDB8B1E3269F900821F5B /* Sources */,
				A9CDDB8C1E3269F900821F5B /* Frameworks */,
				A9CDDB8D1E3269F900821F5B /* Resources */,
				FC908DCCB2792E863F3B9A41 /* [CP] Embed Pods Frameworks */,
				54BDC3D95CEC02A47AA6436A /* [CP] Copy Pods Resources */,
			);
			buildRules = (
			);
			dependencies = (
			);
			name = PlacesOfInterest;
			productName = PlacesOfInterest;
			productReference = A9CDDB8F1E3269FA00821F5B /* PlacesOfInterest.app */;
			productType = "com.apple.product-type.application";
		};
/* End PBXNativeTarget section */

/* Begin PBXProject section */
		A9CDDB871E3269F900821F5B /* Project object */ = {
			isa = PBXProject;
			attributes = {
				LastSwiftUpdateCheck = 0820;
				LastUpgradeCheck = 0820;
				ORGANIZATIONNAME = "Jarrod Parkes";
				TargetAttributes = {
					A9CDDB8E1E3269F900821F5B = {
						CreatedOnToolsVersion = 8.2.1;
						DevelopmentTeam = 3Y3M3A69VC;
						ProvisioningStyle = Automatic;
					};
				};
			};
			buildConfigurationList = A9CDDB8A1E3269F900821F5B /* Build configuration list for PBXProject "PlacesOfInterest" */;
			compatibilityVersion = "Xcode 3.2";
			developmentRegion = English;
			hasScannedForEncodings = 0;
			knownRegions = (
				en,
				Base,
			);
			mainGroup = A9CDDB861E3269F900821F5B;
			productRefGroup = A9CDDB901E3269FA00821F5B /* Products */;
			projectDirPath = "";
			projectRoot = "";
			targets = (
				A9CDDB8E1E3269F900821F5B /* PlacesOfInterest */,
			);
		};
/* End PBXProject section */

/* Begin PBXResourcesBuildPhase section */
		A9CDDB8D1E3269F900821F5B /* Resources */ = {
			isa = PBXResourcesBuildPhase;
			buildActionMask = 2147483647;
			files = (
				A9CDDB9D1E3269FA00821F5B /* LaunchScreen.storyboard in Resources */,
				A9CDDB9A1E3269FA00821F5B /* Assets.xcassets in Resources */,
				A9CDDB981E3269FA00821F5B /* Main.storyboard in Resources */,
			);
			runOnlyForDeploymentPostprocessing = 0;
		};
/* End PBXResourcesBuildPhase section */

/* Begin PBXShellScriptBuildPhase section */
		54BDC3D95CEC02A47AA6436A /* [CP] Copy Pods Resources */ = {
			isa = PBXShellScriptBuildPhase;
			buildActionMask = 2147483647;
			files = (
			);
			inputPaths = (
			);
			name = "[CP] Copy Pods Resources";
			outputPaths = (
			);
			runOnlyForDeploymentPostprocessing = 0;
			shellPath = /bin/sh;
			shellScript = "\"${SRCROOT}/Pods/Target Support Files/Pods-PlacesOfInterest/Pods-PlacesOfInterest-resources.sh\"\n";
			showEnvVarsInLog = 0;
		};
		556BACF3239273944A3737A3 /* [CP] Check Pods Manifest.lock */ = {
			isa = PBXShellScriptBuildPhase;
			buildActionMask = 2147483647;
			files = (
			);
			inputPaths = (
			);
			name = "[CP] Check Pods Manifest.lock";
			outputPaths = (
			);
			runOnlyForDeploymentPostprocessing = 0;
			shellPath = /bin/sh;
			shellScript = "diff \"${PODS_ROOT}/../Podfile.lock\" \"${PODS_ROOT}/Manifest.lock\" > /dev/null\nif [ $? != 0 ] ; then\n    # print error to STDERR\n    echo \"error: The sandbox is not in sync with the Podfile.lock. Run 'pod install' or update your CocoaPods installation.\" >&2\n    exit 1\nfi\n";
			showEnvVarsInLog = 0;
		};
		FC908DCCB2792E863F3B9A41 /* [CP] Embed Pods Frameworks */ = {
			isa = PBXShellScriptBuildPhase;
			buildActionMask = 2147483647;
			files = (
			);
			inputPaths = (
			);
			name = "[CP] Embed Pods Frameworks";
			outputPaths = (
			);
			runOnlyForDeploymentPostprocessing = 0;
			shellPath = /bin/sh;
			shellScript = "\"${SRCROOT}/Pods/Target Support Files/Pods-PlacesOfInterest/Pods-PlacesOfInterest-frameworks.sh\"\n";
			showEnvVarsInLog = 0;
		};
/* End PBXShellScriptBuildPhase section */

/* Begin PBXSourcesBuildPhase section */
		A9CDDB8B1E3269F900821F5B /* Sources */ = {
			isa = PBXSourcesBuildPhase;
			buildActionMask = 2147483647;
			files = (
				A9CDDB951E3269FA00821F5B /* ViewController.swift in Sources */,
				A9CDDB931E3269FA00821F5B /* AppDelegate.swift in Sources */,
			);
			runOnlyForDeploymentPostprocessing = 0;
		};
/* End PBXSourcesBuildPhase section */

/* Begin PBXVariantGroup section */
		A9CDDB961E3269FA00821F5B /* Main.storyboard */ = {
			isa = PBXVariantGroup;
			children = (
				A9CDDB971E3269FA00821F5B /* Base */,
			);
			name = Main.storyboard;
			sourceTree = "<group>";
		};
		A9CDDB9B1E3269FA00821F5B /* LaunchScreen.storyboard */ = {
			isa = PBXVariantGroup;
			children = (
				A9CDDB9C1E3269FA00821F5B /* Base */,
			);
			name = LaunchScreen.storyboard;
			sourceTree = "<group>";
		};
/* End PBXVariantGroup section */

/* Begin XCBuildConfiguration section */
		A9CDDB9F1E3269FA00821F5B /* Debug */ = {
			isa = XCBuildConfiguration;
			buildSettings = {
				ALWAYS_SEARCH_USER_PATHS = NO;
				CLANG_ANALYZER_NONNULL = YES;
				CLANG_CXX_LANGUAGE_STANDARD = "gnu++0x";
				CLANG_CXX_LIBRARY = "libc++";
				CLANG_ENABLE_MODULES = YES;
				CLANG_ENABLE_OBJC_ARC = YES;
				CLANG_WARN_BOOL_CONVERSION = YES;
				CLANG_WARN_CONSTANT_CONVERSION = YES;
				CLANG_WARN_DIRECT_OBJC_ISA_USAGE = YES_ERROR;
				CLANG_WARN_DOCUMENTATION_COMMENTS = YES;
				CLANG_WARN_EMPTY_BODY = YES;
				CLANG_WARN_ENUM_CONVERSION = YES;
				CLANG_WARN_INFINITE_RECURSION = YES;
				CLANG_WARN_INT_CONVERSION = YES;
				CLANG_WARN_OBJC_ROOT_CLASS = YES_ERROR;
				CLANG_WARN_SUSPICIOUS_MOVE = YES;
				CLANG_WARN_UNREACHABLE_CODE = YES;
				CLANG_WARN__DUPLICATE_METHOD_MATCH = YES;
				"CODE_SIGN_IDENTITY[sdk=iphoneos*]" = "iPhone Developer";
				COPY_PHASE_STRIP = NO;
				DEBUG_INFORMATION_FORMAT = dwarf;
				ENABLE_STRICT_OBJC_MSGSEND = YES;
				ENABLE_TESTABILITY = YES;
				GCC_C_LANGUAGE_STANDARD = gnu99;
				GCC_DYNAMIC_NO_PIC = NO;
				GCC_NO_COMMON_BLOCKS = YES;
				GCC_OPTIMIZATION_LEVEL = 0;
				GCC_PREPROCESSOR_DEFINITIONS = (
					"DEBUG=1",
					"$(inherited)",
				);
				GCC_WARN_64_TO_32_BIT_CONVERSION = YES;
				GCC_WARN_ABOUT_RETURN_TYPE = YES_ERROR;
				GCC_WARN_UNDECLARED_SELECTOR = YES;
				GCC_WARN_UNINITIALIZED_AUTOS = YES_AGGRESSIVE;
				GCC_WARN_UNUSED_FUNCTION = YES;
				GCC_WARN_UNUSED_VARIABLE = YES;
				IPHONEOS_DEPLOYMENT_TARGET = 10.2;
				MTL_ENABLE_DEBUG_INFO = YES;
				ONLY_ACTIVE_ARCH = YES;
				SDKROOT = iphoneos;
				SWIFT_ACTIVE_COMPILATION_CONDITIONS = DEBUG;
				SWIFT_OPTIMIZATION_LEVEL = "-Onone";
				TARGETED_DEVICE_FAMILY = "1,2";
			};
			name = Debug;
		};
		A9CDDBA01E3269FA00821F5B /* Release */ = {
			isa = XCBuildConfiguration;
			buildSettings = {
				ALWAYS_SEARCH_USER_PATHS = NO;
				CLANG_ANALYZER_NONNULL = YES;
				CLANG_CXX_LANGUAGE_STANDARD = "gnu++0x";
				CLANG_CXX_LIBRARY = "libc++";
				CLANG_ENABLE_MODULES = YES;
				CLANG_ENABLE_OBJC_ARC = YES;
				CLANG_WARN_BOOL_CONVERSION = YES;
				CLANG_WARN_CONSTANT_CONVERSION = YES;
				CLANG_WARN_DIRECT_OBJC_ISA_USAGE = YES_ERROR;
				CLANG_WARN_DOCUMENTATION_COMMENTS = YES;
				CLANG_WARN_EMPTY_BODY = YES;
				CLANG_WARN_ENUM_CONVERSION = YES;
				CLANG_WARN_INFINITE_RECURSION = YES;
				CLANG_WARN_INT_CONVERSION = YES;
				CLANG_WARN_OBJC_ROOT_CLASS = YES_ERROR;
				CLANG_WARN_SUSPICIOUS_MOVE = YES;
				CLANG_WARN_UNREACHABLE_CODE = YES;
				CLANG_WARN__DUPLICATE_METHOD_MATCH = YES;
				"CODE_SIGN_IDENTITY[sdk=iphoneos*]" = "iPhone Developer";
				COPY_PHASE_STRIP = NO;
				DEBUG_INFORMATION_FORMAT = "dwarf-with-dsym";
				ENABLE_NS_ASSERTIONS = NO;
				ENABLE_STRICT_OBJC_MSGSEND = YES;
				GCC_C_LANGUAGE_STANDARD = gnu99;
				GCC_NO_COMMON_BLOCKS = YES;
				GCC_WARN_64_TO_32_BIT_CONVERSION = YES;
				GCC_WARN_ABOUT_RETURN_TYPE = YES_ERROR;
				GCC_WARN_UNDECLARED_SELECTOR = YES;
				GCC_WARN_UNINITIALIZED_AUTOS = YES_AGGRESSIVE;
				GCC_WARN_UNUSED_FUNCTION = YES;
				GCC_WARN_UNUSED_VARIABLE = YES;
				IPHONEOS_DEPLOYMENT_TARGET = 10.2;
				MTL_ENABLE_DEBUG_INFO = NO;
				SDKROOT = iphoneos;
				SWIFT_OPTIMIZATION_LEVEL = "-Owholemodule";
				TARGETED_DEVICE_FAMILY = "1,2";
				VALIDATE_PRODUCT = YES;
			};
			name = Release;
		};
		A9CDDBA21E3269FA00821F5B /* Debug */ = {
			isa = XCBuildConfiguration;
			baseConfigurationReference = 984385BB8A3AC1A0538DAF1B /* Pods-PlacesOfInterest.debug.xcconfig */;
			buildSettings = {
				ASSETCATALOG_COMPILER_APPICON_NAME = AppIcon;
				DEVELOPMENT_TEAM = 3Y3M3A69VC;
				INFOPLIST_FILE = PlacesOfInterest/Info.plist;
				LD_RUNPATH_SEARCH_PATHS = "$(inherited) @executable_path/Frameworks";
				PRODUCT_BUNDLE_IDENTIFIER = com.jarrodparkes.PlacesOfInterest;
				PRODUCT_NAME = "$(TARGET_NAME)";
				SWIFT_VERSION = 3.0;
			};
			name = Debug;
		};
		A9CDDBA31E3269FA00821F5B /* Release */ = {
			isa = XCBuildConfiguration;
			baseConfigurationReference = 7FE6E3E7965E774BEEAA0F94 /* Pods-PlacesOfInterest.release.xcconfig */;
			buildSettings = {
				ASSETCATALOG_COMPILER_APPICON_NAME = AppIcon;
				DEVELOPMENT_TEAM = 3Y3M3A69VC;
				INFOPLIST_FILE = PlacesOfInterest/Info.plist;
				LD_RUNPATH_SEARCH_PATHS = "$(inherited) @executable_path/Frameworks";
				PRODUCT_BUNDLE_IDENTIFIER = com.jarrodparkes.PlacesOfInterest;
				PRODUCT_NAME = "$(TARGET_NAME)";
				SWIFT_VERSION = 3.0;
			};
			name = Release;
		};
/* End XCBuildConfiguration section */

/* Begin XCConfigurationList section */
		A9CDDB8A1E3269F900821F5B /* Build configuration list for PBXProject "PlacesOfInterest" */ = {
			isa = XCConfigurationList;
			buildConfigurations = (
				A9CDDB9F1E3269FA00821F5B /* Debug */,
				A9CDDBA01E3269FA00821F5B /* Release */,
			);
			defaultConfigurationIsVisible = 0;
			defaultConfigurationName = Release;
		};
		A9CDDBA11E3269FA00821F5B /* Build configuration list for PBXNativeTarget "PlacesOfInterest" */ = {
			isa = XCConfigurationList;
			buildConfigurations = (
				A9CDDBA21E3269FA00821F5B /* Debug */,
				A9CDDBA31E3269FA00821F5B /* Release */,
			);
			defaultConfigurationIsVisible = 0;
		};
/* End XCConfigurationList section */
	};
	rootObject = A9CDDB871E3269F900821F5B /* Project object */;
}
